
Microsoft Visual Studio Solution File, Format Version 12.00
# Visual Studio Version 16
VisualStudioVersion = 16.0.31410.357
MinimumVisualStudioVersion = 10.0.40219.1
Project("{FAE04EC0-301F-11D3-BF4B-00C04F79EFBC}") = "harjoitustyo", "harjoitustyo\harjoitustyo.csproj", "{FC5CA054-F2C4-491D-9852-AF394F5E7693}"
EndProject
Global
	GlobalSection(SolutionConfigurationPlatforms) = preSolution
		Debug|Any CPU = Debug|Any CPU
		Release|Any CPU = Release|Any CPU
	EndGlobalSection
	GlobalSection(ProjectConfigurationPlatforms) = postSolution
		{FC5CA054-F2C4-491D-9852-AF394F5E7693}.Debug|Any CPU.ActiveCfg = Debug|Any CPU
		{FC5CA054-F2C4-491D-9852-AF394F5E7693}.Debug|Any CPU.Build.0 = Debug|Any CPU
		{FC5CA054-F2C4-491D-9852-AF394F5E7693}.Release|Any CPU.ActiveCfg = Release|Any CPU
		{FC5CA054-F2C4-491D-9852-AF394F5E7693}.Release|Any CPU.Build.0 = Release|Any CPU
	EndGlobalSection
	GlobalSection(SolutionProperties) = preSolution
		HideSolutionNode = FALSE
	EndGlobalSection
	GlobalSection(ExtensibilityGlobals) = postSolution
		SolutionGuid = {3BF5082E-290F-49D3-B32E-4D0E5056CB31}
	EndGlobalSection
EndGlobal
